{
  "lockfileVersion": 1,
  "workspaces": {
    "": {
      "name": "create-janustack",
      "devDependencies": {
        "@biomejs/biome": "^2.0.0",
        "@janfig/tsconfig": "^0.1.1",
        "@moonrepo/cli": "^1.37.3",
        "@types/bun": "^1.2.16",
        "typescript": "^5.8.3",
      },
    },
    "packages/create": {
      "name": "create-janustack",
      "version": "0.1.0",
      "bin": {
        "create-janustack": "bin/index.js",
      },
      "devDependencies": {
        "@napi-rs/cli": "^2.18.4",
      },
    },
  },
  "trustedDependencies": [
    "@moonrepo/cli",
  ],
  "packages": {
    "@biomejs/biome": ["@biomejs/biome@2.0.0", "", { "optionalDependencies": { "@biomejs/cli-darwin-arm64": "2.0.0", "@biomejs/cli-darwin-x64": "2.0.0", "@biomejs/cli-linux-arm64": "2.0.0", "@biomejs/cli-linux-arm64-musl": "2.0.0", "@biomejs/cli-linux-x64": "2.0.0", "@biomejs/cli-linux-x64-musl": "2.0.0", "@biomejs/cli-win32-arm64": "2.0.0", "@biomejs/cli-win32-x64": "2.0.0" }, "bin": { "biome": "bin/biome" } }, "sha512-BlUoXEOI/UQTDEj/pVfnkMo8SrZw3oOWBDrXYFT43V7HTkIUDkBRY53IC5Jx1QkZbaB+0ai1wJIfYwp9+qaJTQ=="],

    "@biomejs/cli-darwin-arm64": ["@biomejs/cli-darwin-arm64@2.0.0", "", { "os": "darwin", "cpu": "arm64" }, "sha512-QvqWYtFFhhxdf8jMAdJzXW+Frc7X8XsnHQLY+TBM1fnT1TfeV/v9vsFI5L2J7GH6qN1+QEEJ19jHibCY2Ypplw=="],

    "@biomejs/cli-darwin-x64": ["@biomejs/cli-darwin-x64@2.0.0", "", { "os": "darwin", "cpu": "x64" }, "sha512-5JFhls1EfmuIH4QGFPlNpxJQFC6ic3X1ltcoLN+eSRRIPr6H/lUS1ttuD0Fj7rPgPhZqopK/jfH8UVj/1hIsQw=="],

    "@biomejs/cli-linux-arm64": ["@biomejs/cli-linux-arm64@2.0.0", "", { "os": "linux", "cpu": "arm64" }, "sha512-BAH4QVi06TzAbVchXdJPsL0Z/P87jOfes15rI+p3EX9/EGTfIjaQ9lBVlHunxcmoptaA5y1Hdb9UYojIhmnjIw=="],

    "@biomejs/cli-linux-arm64-musl": ["@biomejs/cli-linux-arm64-musl@2.0.0", "", { "os": "linux", "cpu": "arm64" }, "sha512-Bxsz8ki8+b3PytMnS5SgrGV+mbAWwIxI3ydChb/d1rURlJTMdxTTq5LTebUnlsUWAX6OvJuFeiVq9Gjn1YbCyA=="],

    "@biomejs/cli-linux-x64": ["@biomejs/cli-linux-x64@2.0.0", "", { "os": "linux", "cpu": "x64" }, "sha512-09PcOGYTtkopWRm6mZ/B6Mr6UHdkniUgIG/jLBv+2J8Z61ezRE+xQmpi3yNgUrFIAU4lPA9atg7mhvE/5Bo7Wg=="],

    "@biomejs/cli-linux-x64-musl": ["@biomejs/cli-linux-x64-musl@2.0.0", "", { "os": "linux", "cpu": "x64" }, "sha512-tiQ0ABxMJb9I6GlfNp0ulrTiQSFacJRJO8245FFwE3ty3bfsfxlU/miblzDIi+qNrgGsLq5wIZcVYGp4c+HXZA=="],

    "@biomejs/cli-win32-arm64": ["@biomejs/cli-win32-arm64@2.0.0", "", { "os": "win32", "cpu": "arm64" }, "sha512-vrTtuGu91xNTEQ5ZcMJBZuDlqr32DWU1r14UfePIGndF//s2WUAmer4FmgoPgruo76rprk37e8S2A2c0psXdxw=="],

    "@biomejs/cli-win32-x64": ["@biomejs/cli-win32-x64@2.0.0", "", { "os": "win32", "cpu": "x64" }, "sha512-2USVQ0hklNsph/KIR72ZdeptyXNnQ3JdzPn3NbjI4Sna34CnxeiYAaZcZzXPDl5PYNFBivV4xmvT3Z3rTmyDBg=="],

    "@janfig/tsconfig": ["@janfig/tsconfig@0.1.1", "", {}, "sha512-Upz1khSnzYLQW1O5/8d9sGcgCTbiKlPkBa7eix4rpBTMAGD2Fnwg98YvrL9CdPYc97LK/BWhOeggQ9rL+TKTZw=="],

    "@moonrepo/cli": ["@moonrepo/cli@1.37.3", "", { "dependencies": { "detect-libc": "^2.0.3" }, "optionalDependencies": { "@moonrepo/core-linux-arm64-gnu": "1.37.3", "@moonrepo/core-linux-arm64-musl": "1.37.3", "@moonrepo/core-linux-x64-gnu": "1.37.3", "@moonrepo/core-linux-x64-musl": "1.37.3", "@moonrepo/core-macos-arm64": "1.37.3", "@moonrepo/core-macos-x64": "1.37.3", "@moonrepo/core-windows-x64-msvc": "1.37.3" }, "bin": { "moon": "moon.js" } }, "sha512-VhSI5CzxWc3ppUPT0XaDyoVNPemw+rOGVOH6d115f1XFtJ0SN4P1ciPK7xJgDL4KDW7Ra3PyxT6iRocZVZu4gA=="],

    "@moonrepo/core-linux-arm64-gnu": ["@moonrepo/core-linux-arm64-gnu@1.37.3", "", { "os": "linux", "cpu": "arm64" }, "sha512-CqOSW4w4rEc7ZJq/zIMYJUnvxCh4kxJoR5yGaaHJQ2X9UHX6bY4W7NKrSi0R9ckZ3KMmjN4zVg5HlqSsC+eSGg=="],

    "@moonrepo/core-linux-arm64-musl": ["@moonrepo/core-linux-arm64-musl@1.37.3", "", { "os": "linux", "cpu": "arm64" }, "sha512-fX/YmwDSqGHmqR8bvVbPjtBW+nxiHR4b+wx4br8l9ID23MpJ9dPPVOT0+CNZd+75VjqXS1e7LosPvvpbfLgKyg=="],

    "@moonrepo/core-linux-x64-gnu": ["@moonrepo/core-linux-x64-gnu@1.37.3", "", { "os": "linux", "cpu": "x64" }, "sha512-vCMhQqeoe6UAlJJA6NuXcPFZ2fE5tybR3lowFgqRj9CM9YEwilgxRaMY43q8CQOP0KZxi1bLNnmpe953Og3YaQ=="],

    "@moonrepo/core-linux-x64-musl": ["@moonrepo/core-linux-x64-musl@1.37.3", "", { "os": "linux", "cpu": "x64" }, "sha512-Ow8Z6PRDq42/lM3cpasISzaupaUGu4xbz3fqmLDTX8+s5/Fj+RCg9vTFbh/waGW9AHAX3KoA55YrALcmQweiJQ=="],

    "@moonrepo/core-macos-arm64": ["@moonrepo/core-macos-arm64@1.37.3", "", { "os": "darwin", "cpu": "arm64" }, "sha512-m7deylPDULFT3P119wa0my9IcnU894myWxW9q909JUbbRpbr4bYc2KnvZPgx8mru2TDX6jYJuE766bDcs1STTQ=="],

    "@moonrepo/core-macos-x64": ["@moonrepo/core-macos-x64@1.37.3", "", { "os": "darwin", "cpu": "x64" }, "sha512-YtwwE7d4+A501j2xmmy3tuMk1Bwp38XpV2IXn/0d/ZkuYL/DnP0pdPlifFwAokMxfzDRe/kOn3D6jcuZ7BqNIA=="],

    "@moonrepo/core-windows-x64-msvc": ["@moonrepo/core-windows-x64-msvc@1.37.3", "", { "os": "win32", "cpu": "x64" }, "sha512-45drf0imufkSGRJKQtqJwoWmZJ7Gjq/ybpCilCcRMpG9Ceyd13RTNik/FJUQeAzkuNl20cFf1bFKKM4gGLZq1Q=="],

    "@napi-rs/cli": ["@napi-rs/cli@2.18.4", "", { "bin": { "napi": "scripts/index.js" } }, "sha512-SgJeA4df9DE2iAEpr3M2H0OKl/yjtg1BnRI5/JyowS71tUWhrfSu2LT0V3vlHET+g1hBVlrO60PmEXwUEKp8Mg=="],

    "@types/bun": ["@types/bun@1.2.16", "", { "dependencies": { "bun-types": "1.2.16" } }, "sha512-1aCZJ/6nSiViw339RsaNhkNoEloLaPzZhxMOYEa7OzRzO41IGg5n/7I43/ZIAW/c+Q6cT12Vf7fOZOoVIzb5BQ=="],

    "@types/node": ["@types/node@22.15.21", "", { "dependencies": { "undici-types": "~6.21.0" } }, "sha512-EV/37Td6c+MgKAbkcLG6vqZ2zEYHD7bvSrzqqs2RIhbA6w3x+Dqz8MZM3sP6kGTeLrdoOgKZe+Xja7tUB2DNkQ=="],

    "bun-types": ["bun-types@1.2.16", "", { "dependencies": { "@types/node": "*" } }, "sha512-ciXLrHV4PXax9vHvUrkvun9VPVGOVwbbbBF/Ev1cXz12lyEZMoJpIJABOfPcN9gDJRaiKF9MVbSygLg4NXu3/A=="],

    "create-janustack": ["create-janustack@workspace:packages/create"],

    "detect-libc": ["detect-libc@2.0.4", "", {}, "sha512-3UDv+G9CsCKO1WKMGw9fwq/SWJYbI0c5Y7LU1AXYoDdbhE2AHQ6N6Nb34sG8Fj7T5APy8qXDCKuuIHd1BR0tVA=="],

    "typescript": ["typescript@5.8.3", "", { "bin": { "tsc": "bin/tsc", "tsserver": "bin/tsserver" } }, "sha512-p1diW6TqL9L07nNxvRMM7hMMw4c5XOo/1ibL4aAIGmSAt9slTE1Xgw5KWuof2uTOvCg9BY7ZRi+GaF+7sfgPeQ=="],

    "undici-types": ["undici-types@6.21.0", "", {}, "sha512-iwDZqg0QAGrg9Rav5H4n0M64c3mkR59cJ6wQp+7C4nI0gsmExaedaYLNO44eT4AtBBwjbTiGPMlt2Md0T9H9JQ=="],
  }
}
