{
  "lockfileVersion": 1,
  "workspaces": {
    "": {
      "name": "create-janustack",
      "devDependencies": {
        "@biomejs/biome": "latest",
        "@janfig/biome": "latest",
        "@moonrepo/cli": "latest",
        "@types/bun": "latest",
        "typescript": "latest",
      },
    },
    "packages/create": {
      "name": "create-janustack",
      "version": "0.1.0",
      "bin": {
        "create-janustack": "bin/index.js",
      },
      "devDependencies": {
        "@napi-rs/cli": "^2.18.4",
      },
    },
  },
  "trustedDependencies": [
    "@moonrepo/cli",
  ],
  "packages": {
    "@biomejs/biome": ["@biomejs/biome@1.9.4", "", { "optionalDependencies": { "@biomejs/cli-darwin-arm64": "1.9.4", "@biomejs/cli-darwin-x64": "1.9.4", "@biomejs/cli-linux-arm64": "1.9.4", "@biomejs/cli-linux-arm64-musl": "1.9.4", "@biomejs/cli-linux-x64": "1.9.4", "@biomejs/cli-linux-x64-musl": "1.9.4", "@biomejs/cli-win32-arm64": "1.9.4", "@biomejs/cli-win32-x64": "1.9.4" }, "bin": { "biome": "bin/biome" } }, "sha512-1rkd7G70+o9KkTn5KLmDYXihGoTaIGO9PIIN2ZB7UJxFrWw04CZHPYiMRjYsaDvVV7hP1dYNRLxSANLaBFGpog=="],

    "@biomejs/cli-darwin-arm64": ["@biomejs/cli-darwin-arm64@1.9.4", "", { "os": "darwin", "cpu": "arm64" }, "sha512-bFBsPWrNvkdKrNCYeAp+xo2HecOGPAy9WyNyB/jKnnedgzl4W4Hb9ZMzYNbf8dMCGmUdSavlYHiR01QaYR58cw=="],

    "@biomejs/cli-darwin-x64": ["@biomejs/cli-darwin-x64@1.9.4", "", { "os": "darwin", "cpu": "x64" }, "sha512-ngYBh/+bEedqkSevPVhLP4QfVPCpb+4BBe2p7Xs32dBgs7rh9nY2AIYUL6BgLw1JVXV8GlpKmb/hNiuIxfPfZg=="],

    "@biomejs/cli-linux-arm64": ["@biomejs/cli-linux-arm64@1.9.4", "", { "os": "linux", "cpu": "arm64" }, "sha512-fJIW0+LYujdjUgJJuwesP4EjIBl/N/TcOX3IvIHJQNsAqvV2CHIogsmA94BPG6jZATS4Hi+xv4SkBBQSt1N4/g=="],

    "@biomejs/cli-linux-arm64-musl": ["@biomejs/cli-linux-arm64-musl@1.9.4", "", { "os": "linux", "cpu": "arm64" }, "sha512-v665Ct9WCRjGa8+kTr0CzApU0+XXtRgwmzIf1SeKSGAv+2scAlW6JR5PMFo6FzqqZ64Po79cKODKf3/AAmECqA=="],

    "@biomejs/cli-linux-x64": ["@biomejs/cli-linux-x64@1.9.4", "", { "os": "linux", "cpu": "x64" }, "sha512-lRCJv/Vi3Vlwmbd6K+oQ0KhLHMAysN8lXoCI7XeHlxaajk06u7G+UsFSO01NAs5iYuWKmVZjmiOzJ0OJmGsMwg=="],

    "@biomejs/cli-linux-x64-musl": ["@biomejs/cli-linux-x64-musl@1.9.4", "", { "os": "linux", "cpu": "x64" }, "sha512-gEhi/jSBhZ2m6wjV530Yy8+fNqG8PAinM3oV7CyO+6c3CEh16Eizm21uHVsyVBEB6RIM8JHIl6AGYCv6Q6Q9Tg=="],

    "@biomejs/cli-win32-arm64": ["@biomejs/cli-win32-arm64@1.9.4", "", { "os": "win32", "cpu": "arm64" }, "sha512-tlbhLk+WXZmgwoIKwHIHEBZUwxml7bRJgk0X2sPyNR3S93cdRq6XulAZRQJ17FYGGzWne0fgrXBKpl7l4M87Hg=="],

    "@biomejs/cli-win32-x64": ["@biomejs/cli-win32-x64@1.9.4", "", { "os": "win32", "cpu": "x64" }, "sha512-8Y5wMhVIPaWe6jw2H+KlEm4wP/f7EW3810ZLmDlrEEy5KvBsb9ECEfu/kMWD484ijfQ8+nIi0giMgu9g1UAuuA=="],

    "@janfig/biome": ["@janfig/biome@0.1.0", "", {}, "sha512-TY6fJDu3az2AeKATHlBf1IIEqXenlL2V7IlGI0ePM4qyBmbnbY6zyRIfJqhYHsr0XxEeffm+NNqPs5VRwdBNmg=="],

    "@moonrepo/cli": ["@moonrepo/cli@1.36.3", "", { "dependencies": { "detect-libc": "^2.0.3" }, "optionalDependencies": { "@moonrepo/core-linux-arm64-gnu": "1.36.3", "@moonrepo/core-linux-arm64-musl": "1.36.3", "@moonrepo/core-linux-x64-gnu": "1.36.3", "@moonrepo/core-linux-x64-musl": "1.36.3", "@moonrepo/core-macos-arm64": "1.36.3", "@moonrepo/core-macos-x64": "1.36.3", "@moonrepo/core-windows-x64-msvc": "1.36.3" }, "bin": { "moon": "moon.js" } }, "sha512-VvHDUD728EbgIVCJjdpMz4fVyy5AnsCeTcUxkwrCYRAQUEcTZaHGiojJXxQ8B+PGcyFfcbCRTl1hs6eudN7qaA=="],

    "@moonrepo/core-linux-arm64-gnu": ["@moonrepo/core-linux-arm64-gnu@1.36.3", "", { "os": "linux", "cpu": "arm64" }, "sha512-9VHdwoRH5EcsLugS6+YnMzfqRDF13enQiczct5pJ1Zz+kEMKy81D3da0HnyD8cVBGq33f3IVvshRM0Q0Uc+GgQ=="],

    "@moonrepo/core-linux-arm64-musl": ["@moonrepo/core-linux-arm64-musl@1.36.3", "", { "os": "linux", "cpu": "arm64" }, "sha512-/jOtZkUBlhQp4Ex1tAzXRSgPIPGUcIklFgfCqnbkwpjX24vNPB1yCXAHS3HXu2q98DaqvceFhuHW23dpykVA0w=="],

    "@moonrepo/core-linux-x64-gnu": ["@moonrepo/core-linux-x64-gnu@1.36.3", "", { "os": "linux", "cpu": "x64" }, "sha512-lcs8xpCs9dh4SyCS1f3mvkdn3KqYq0B0biyHeGFkDW9/Alf0G70a6dM065reX1l1GOVGQBX1SJ8IOZ+KkGv5Tg=="],

    "@moonrepo/core-linux-x64-musl": ["@moonrepo/core-linux-x64-musl@1.36.3", "", { "os": "linux", "cpu": "x64" }, "sha512-pDUYiD2SxIZsVmQzNEfKTqwVbOC541+swlgpgbnXXEOZzpHtTlpbXNcKkRJQwJ5n+xO5GT0wGDl8Rd3NcLXUHA=="],

    "@moonrepo/core-macos-arm64": ["@moonrepo/core-macos-arm64@1.36.3", "", { "os": "darwin", "cpu": "arm64" }, "sha512-KZ3DAQFEpNraXNNJYVdIHQX+rV+uPmP2aVOVww48bkBz5T6dsRrTNjX1iB+irMa19tf9x9wTYTWJVDYlAoJ2wg=="],

    "@moonrepo/core-macos-x64": ["@moonrepo/core-macos-x64@1.36.3", "", { "os": "darwin", "cpu": "x64" }, "sha512-GSzKY309/uooukRAYNuA3MxL21YSMmqn+ZBmLM1i05N5Gv/kISWlTtM3g+z7JbsM9+rxYlogBeh/w+RdVxUg/Q=="],

    "@moonrepo/core-windows-x64-msvc": ["@moonrepo/core-windows-x64-msvc@1.36.3", "", { "os": "win32", "cpu": "x64" }, "sha512-/DMlDg/tvlGFe2m7KNRkhHyKPrC9/IHWHCFV9be01tFFQWxgMheJja5fpypbZJ/oJuOOTacbms+HX5dP+83yMw=="],

    "@napi-rs/cli": ["@napi-rs/cli@2.18.4", "", { "bin": { "napi": "scripts/index.js" } }, "sha512-SgJeA4df9DE2iAEpr3M2H0OKl/yjtg1BnRI5/JyowS71tUWhrfSu2LT0V3vlHET+g1hBVlrO60PmEXwUEKp8Mg=="],

    "@types/bun": ["@types/bun@1.2.15", "", { "dependencies": { "bun-types": "1.2.15" } }, "sha512-U1ljPdBEphF0nw1MIk0hI7kPg7dFdPyM7EenHsp6W5loNHl7zqy6JQf/RKCgnUn2KDzUpkBwHPnEJEjII594bA=="],

    "@types/node": ["@types/node@22.15.21", "", { "dependencies": { "undici-types": "~6.21.0" } }, "sha512-EV/37Td6c+MgKAbkcLG6vqZ2zEYHD7bvSrzqqs2RIhbA6w3x+Dqz8MZM3sP6kGTeLrdoOgKZe+Xja7tUB2DNkQ=="],

    "bun-types": ["bun-types@1.2.15", "", { "dependencies": { "@types/node": "*" } }, "sha512-NarRIaS+iOaQU1JPfyKhZm4AsUOrwUOqRNHY0XxI8GI8jYxiLXLcdjYMG9UKS+fwWasc1uw1htV9AX24dD+p4w=="],

    "create-janustack": ["create-janustack@workspace:packages/create"],

    "detect-libc": ["detect-libc@2.0.4", "", {}, "sha512-3UDv+G9CsCKO1WKMGw9fwq/SWJYbI0c5Y7LU1AXYoDdbhE2AHQ6N6Nb34sG8Fj7T5APy8qXDCKuuIHd1BR0tVA=="],

    "typescript": ["typescript@5.8.3", "", { "bin": { "tsc": "bin/tsc", "tsserver": "bin/tsserver" } }, "sha512-p1diW6TqL9L07nNxvRMM7hMMw4c5XOo/1ibL4aAIGmSAt9slTE1Xgw5KWuof2uTOvCg9BY7ZRi+GaF+7sfgPeQ=="],

    "undici-types": ["undici-types@6.21.0", "", {}, "sha512-iwDZqg0QAGrg9Rav5H4n0M64c3mkR59cJ6wQp+7C4nI0gsmExaedaYLNO44eT4AtBBwjbTiGPMlt2Md0T9H9JQ=="],
  }
}
