{
  "lockfileVersion": 1,
  "workspaces": {
    "": {
      "name": "create-janustack",
      "devDependencies": {
        "@biomejs/biome": "^2.1.1",
        "@moonrepo/cli": "^1.38.5",
        "typescript": "^5.8.3",
      },
    },
    "packages/create-janustack": {
      "name": "@janustack/create-janustack",
      "version": "0.1.0",
      "bin": {
        "create-janustack": "bin/create-janustack.js",
      },
      "devDependencies": {
        "@napi-rs/cli": "^2.18.4",
      },
    },
  },
  "trustedDependencies": [
    "@moonrepo/cli",
  ],
  "packages": {
    "@biomejs/biome": ["@biomejs/biome@2.1.1", "", { "optionalDependencies": { "@biomejs/cli-darwin-arm64": "2.1.1", "@biomejs/cli-darwin-x64": "2.1.1", "@biomejs/cli-linux-arm64": "2.1.1", "@biomejs/cli-linux-arm64-musl": "2.1.1", "@biomejs/cli-linux-x64": "2.1.1", "@biomejs/cli-linux-x64-musl": "2.1.1", "@biomejs/cli-win32-arm64": "2.1.1", "@biomejs/cli-win32-x64": "2.1.1" }, "bin": { "biome": "bin/biome" } }, "sha512-HFGYkxG714KzG+8tvtXCJ1t1qXQMzgWzfvQaUjxN6UeKv+KvMEuliInnbZLJm6DXFXwqVi6446EGI0sGBLIYng=="],

    "@biomejs/cli-darwin-arm64": ["@biomejs/cli-darwin-arm64@2.1.1", "", { "os": "darwin", "cpu": "arm64" }, "sha512-2Muinu5ok4tWxq4nu5l19el48cwCY/vzvI7Vjbkf3CYIQkjxZLyj0Ad37Jv2OtlXYaLvv+Sfu1hFeXt/JwRRXQ=="],

    "@biomejs/cli-darwin-x64": ["@biomejs/cli-darwin-x64@2.1.1", "", { "os": "darwin", "cpu": "x64" }, "sha512-cC8HM5lrgKQXLAK+6Iz2FrYW5A62pAAX6KAnRlEyLb+Q3+Kr6ur/sSuoIacqlp1yvmjHJqjYfZjPvHWnqxoEIA=="],

    "@biomejs/cli-linux-arm64": ["@biomejs/cli-linux-arm64@2.1.1", "", { "os": "linux", "cpu": "arm64" }, "sha512-tw4BEbhAUkWPe4WBr6IX04DJo+2jz5qpPzpW/SWvqMjb9QuHY8+J0M23V8EPY/zWU4IG8Ui0XESapR1CB49Q7g=="],

    "@biomejs/cli-linux-arm64-musl": ["@biomejs/cli-linux-arm64-musl@2.1.1", "", { "os": "linux", "cpu": "arm64" }, "sha512-/7FBLnTswu4jgV9ttI3AMIdDGqVEPIZd8I5u2D4tfCoj8rl9dnjrEQbAIDlWhUXdyWlFSz8JypH3swU9h9P+2A=="],

    "@biomejs/cli-linux-x64": ["@biomejs/cli-linux-x64@2.1.1", "", { "os": "linux", "cpu": "x64" }, "sha512-3WJ1GKjU7NzZb6RTbwLB59v9cTIlzjbiFLDB0z4376TkDqoNYilJaC37IomCr/aXwuU8QKkrYoHrgpSq5ffJ4Q=="],

    "@biomejs/cli-linux-x64-musl": ["@biomejs/cli-linux-x64-musl@2.1.1", "", { "os": "linux", "cpu": "x64" }, "sha512-kUu+loNI3OCD2c12cUt7M5yaaSjDnGIksZwKnueubX6c/HWUyi/0mPbTBHR49Me3F0KKjWiKM+ZOjsmC+lUt9g=="],

    "@biomejs/cli-win32-arm64": ["@biomejs/cli-win32-arm64@2.1.1", "", { "os": "win32", "cpu": "arm64" }, "sha512-vEHK0v0oW+E6RUWLoxb2isI3rZo57OX9ZNyyGH701fZPj6Il0Rn1f5DMNyCmyflMwTnIQstEbs7n2BxYSqQx4Q=="],

    "@biomejs/cli-win32-x64": ["@biomejs/cli-win32-x64@2.1.1", "", { "os": "win32", "cpu": "x64" }, "sha512-i2PKdn70kY++KEF/zkQFvQfX1e8SkA8hq4BgC+yE9dZqyLzB/XStY2MvwI3qswlRgnGpgncgqe0QYKVS1blksg=="],

    "@janustack/create-janustack": ["@janustack/create-janustack@workspace:packages/create-janustack"],

    "@moonrepo/cli": ["@moonrepo/cli@1.38.5", "", { "dependencies": { "detect-libc": "^2.0.3" }, "optionalDependencies": { "@moonrepo/core-linux-arm64-gnu": "1.38.5", "@moonrepo/core-linux-arm64-musl": "1.38.5", "@moonrepo/core-linux-x64-gnu": "1.38.5", "@moonrepo/core-linux-x64-musl": "1.38.5", "@moonrepo/core-macos-arm64": "1.38.5", "@moonrepo/core-macos-x64": "1.38.5", "@moonrepo/core-windows-x64-msvc": "1.38.5" }, "bin": { "moon": "moon.js" } }, "sha512-lP7v48Zmtz/FT7er/C5K9kjQliqy+lpfoFQE4qQ/SkQz10gIILMzsGPqWlmVXI4EILNfWVoBWSxxbjdFkJL9Qw=="],

    "@moonrepo/core-linux-arm64-gnu": ["@moonrepo/core-linux-arm64-gnu@1.38.5", "", { "os": "linux", "cpu": "arm64" }, "sha512-BP9FlczMYUfR/nEilxKyIWeVXWJ0o9I3OUJVzdVTGAKsyNBEiwLwcbNGfuGuGn5OeHwGvqvWnZtBYZevSi+HGg=="],

    "@moonrepo/core-linux-arm64-musl": ["@moonrepo/core-linux-arm64-musl@1.38.5", "", { "os": "linux", "cpu": "arm64" }, "sha512-5ZcSpY5LHzMRGgTOS5si9X4tyjSsOeBGHAvpTdDqtO3mzuflEz9Cu0zEWviT2d9gSPHIRydoobVwDzLe8/9j2w=="],

    "@moonrepo/core-linux-x64-gnu": ["@moonrepo/core-linux-x64-gnu@1.38.5", "", { "os": "linux", "cpu": "x64" }, "sha512-hgZMQL5SHGzBUSei/9JDb9uzNlQXLTgnnYXAFK1bnMl0GEyFTT/xn1qCSWF/V1FS71g2Rxg5UfdtHa3eU+bQkQ=="],

    "@moonrepo/core-linux-x64-musl": ["@moonrepo/core-linux-x64-musl@1.38.5", "", { "os": "linux", "cpu": "x64" }, "sha512-jxEibr4ELPZSziZtwIM32zxnJdrQNqJKP/Xuw06c+ftRclHp5FA7X1Mb+DYqIfIkzON81e518AiPCNjtwYSlCQ=="],

    "@moonrepo/core-macos-arm64": ["@moonrepo/core-macos-arm64@1.38.5", "", { "os": "darwin", "cpu": "arm64" }, "sha512-2E1AZfi/UD+ugRh7TW5m0XHHFiwt4NOn/zbU48e6ABH0PCkbNvN2vpoIfYPmbVYKtdAZiQ5zGhyPaLRqRqMK7Q=="],

    "@moonrepo/core-macos-x64": ["@moonrepo/core-macos-x64@1.38.5", "", { "os": "darwin", "cpu": "x64" }, "sha512-uHx+5BocntOWOdv7PZ1pg2zQRAErscHB8LM8mQ83Jgzv/3OjIeqXe2NEIOcll4xkRUcRBIi05J4i5/lkkV/Z3g=="],

    "@moonrepo/core-windows-x64-msvc": ["@moonrepo/core-windows-x64-msvc@1.38.5", "", { "os": "win32", "cpu": "x64" }, "sha512-pNxi7ivB4R6uGpw0yguntNpB1cT/Xat8MaE9sCyWlP7gWf8lfj9N85OhZY4E5Bc6H49Nqd5czNdfEMqlO8q+IA=="],

    "@napi-rs/cli": ["@napi-rs/cli@2.18.4", "", { "bin": { "napi": "scripts/index.js" } }, "sha512-SgJeA4df9DE2iAEpr3M2H0OKl/yjtg1BnRI5/JyowS71tUWhrfSu2LT0V3vlHET+g1hBVlrO60PmEXwUEKp8Mg=="],

    "detect-libc": ["detect-libc@2.0.4", "", {}, "sha512-3UDv+G9CsCKO1WKMGw9fwq/SWJYbI0c5Y7LU1AXYoDdbhE2AHQ6N6Nb34sG8Fj7T5APy8qXDCKuuIHd1BR0tVA=="],

    "typescript": ["typescript@5.8.3", "", { "bin": { "tsc": "bin/tsc", "tsserver": "bin/tsserver" } }, "sha512-p1diW6TqL9L07nNxvRMM7hMMw4c5XOo/1ibL4aAIGmSAt9slTE1Xgw5KWuof2uTOvCg9BY7ZRi+GaF+7sfgPeQ=="],
  }
}
